
Microsoft Visual Studio Solution File, Format Version 12.00
# Visual Studio Version 16
VisualStudioVersion = 16.0.30011.22
MinimumVisualStudioVersion = 10.0.40219.1
Project("{9A19103F-16F7-4668-BE54-9A1E7A4F7556}") = "Bot.MegaSena", "Bot.MegaSena\Bot.MegaSena.csproj", "{76EF9F2F-41D5-4195-A5F7-48B229CDB8C1}"
EndProject
Project("{9A19103F-16F7-4668-BE54-9A1E7A4F7556}") = "Bot.MegaSenaJSON", "Bot.MegaSenaJSON\Bot.MegaSenaJSON.csproj", "{B30CB77C-CA84-4082-909F-ACB6DF553942}"
EndProject
Project("{9A19103F-16F7-4668-BE54-9A1E7A4F7556}") = "Bot.Instagram.Profile", "Bot.Instagram.Profile\Bot.Instagram.Profile.csproj", "{F4840983-0AFA-4783-99A5-462537FC112A}"
EndProject
Project("{FAE04EC0-301F-11D3-BF4B-00C04F79EFBC}") = "Bot.Instagram.Selenium", "Bot.Instagram.Selenium\Bot.Instagram.Selenium.csproj", "{0F82D8FF-CF05-446E-9E1B-7BA0996B41DF}"
EndProject
Global
	GlobalSection(SolutionConfigurationPlatforms) = preSolution
		Debug|Any CPU = Debug|Any CPU
		Release|Any CPU = Release|Any CPU
	EndGlobalSection
	GlobalSection(ProjectConfigurationPlatforms) = postSolution
		{76EF9F2F-41D5-4195-A5F7-48B229CDB8C1}.Debug|Any CPU.ActiveCfg = Debug|Any CPU
		{76EF9F2F-41D5-4195-A5F7-48B229CDB8C1}.Debug|Any CPU.Build.0 = Debug|Any CPU
		{76EF9F2F-41D5-4195-A5F7-48B229CDB8C1}.Release|Any CPU.ActiveCfg = Release|Any CPU
		{76EF9F2F-41D5-4195-A5F7-48B229CDB8C1}.Release|Any CPU.Build.0 = Release|Any CPU
		{B30CB77C-CA84-4082-909F-ACB6DF553942}.Debug|Any CPU.ActiveCfg = Debug|Any CPU
		{B30CB77C-CA84-4082-909F-ACB6DF553942}.Debug|Any CPU.Build.0 = Debug|Any CPU
		{B30CB77C-CA84-4082-909F-ACB6DF553942}.Release|Any CPU.ActiveCfg = Release|Any CPU
		{B30CB77C-CA84-4082-909F-ACB6DF553942}.Release|Any CPU.Build.0 = Release|Any CPU
		{F4840983-0AFA-4783-99A5-462537FC112A}.Debug|Any CPU.ActiveCfg = Debug|Any CPU
		{F4840983-0AFA-4783-99A5-462537FC112A}.Debug|Any CPU.Build.0 = Debug|Any CPU
		{F4840983-0AFA-4783-99A5-462537FC112A}.Release|Any CPU.ActiveCfg = Release|Any CPU
		{F4840983-0AFA-4783-99A5-462537FC112A}.Release|Any CPU.Build.0 = Release|Any CPU
		{0F82D8FF-CF05-446E-9E1B-7BA0996B41DF}.Debug|Any CPU.ActiveCfg = Debug|Any CPU
		{0F82D8FF-CF05-446E-9E1B-7BA0996B41DF}.Debug|Any CPU.Build.0 = Debug|Any CPU
		{0F82D8FF-CF05-446E-9E1B-7BA0996B41DF}.Release|Any CPU.ActiveCfg = Release|Any CPU
		{0F82D8FF-CF05-446E-9E1B-7BA0996B41DF}.Release|Any CPU.Build.0 = Release|Any CPU
	EndGlobalSection
	GlobalSection(SolutionProperties) = preSolution
		HideSolutionNode = FALSE
	EndGlobalSection
	GlobalSection(ExtensibilityGlobals) = postSolution
		SolutionGuid = {D42ADE8C-8824-460B-AE28-C76A0302AA2D}
	EndGlobalSection
EndGlobal
