
Microsoft Visual Studio Solution File, Format Version 12.00
# Visual Studio Version 16
VisualStudioVersion = 16.0.30011.22
MinimumVisualStudioVersion = 10.0.40219.1
Project("{FAE04EC0-301F-11D3-BF4B-00C04F79EFBC}") = "Bot.MegaSena", "Bot.MegaSena\Bot.MegaSena.csproj", "{76EF9F2F-41D5-4195-A5F7-48B229CDB8C1}"
EndProject
Project("{FAE04EC0-301F-11D3-BF4B-00C04F79EFBC}") = "Bot.MegaSenaJSON", "Bot.MegaSenaJSON\Bot.MegaSenaJSON.csproj", "{B30CB77C-CA84-4082-909F-ACB6DF553942}"
EndProject
Global
	GlobalSection(SolutionConfigurationPlatforms) = preSolution
		Debug|Any CPU = Debug|Any CPU
		Release|Any CPU = Release|Any CPU
	EndGlobalSection
	GlobalSection(ProjectConfigurationPlatforms) = postSolution
		{76EF9F2F-41D5-4195-A5F7-48B229CDB8C1}.Debug|Any CPU.ActiveCfg = Debug|Any CPU
		{76EF9F2F-41D5-4195-A5F7-48B229CDB8C1}.Debug|Any CPU.Build.0 = Debug|Any CPU
		{76EF9F2F-41D5-4195-A5F7-48B229CDB8C1}.Release|Any CPU.ActiveCfg = Release|Any CPU
		{76EF9F2F-41D5-4195-A5F7-48B229CDB8C1}.Release|Any CPU.Build.0 = Release|Any CPU
		{B30CB77C-CA84-4082-909F-ACB6DF553942}.Debug|Any CPU.ActiveCfg = Debug|Any CPU
		{B30CB77C-CA84-4082-909F-ACB6DF553942}.Debug|Any CPU.Build.0 = Debug|Any CPU
		{B30CB77C-CA84-4082-909F-ACB6DF553942}.Release|Any CPU.ActiveCfg = Release|Any CPU
		{B30CB77C-CA84-4082-909F-ACB6DF553942}.Release|Any CPU.Build.0 = Release|Any CPU
	EndGlobalSection
	GlobalSection(SolutionProperties) = preSolution
		HideSolutionNode = FALSE
	EndGlobalSection
	GlobalSection(ExtensibilityGlobals) = postSolution
		SolutionGuid = {D42ADE8C-8824-460B-AE28-C76A0302AA2D}
	EndGlobalSection
EndGlobal
